
Microsoft Visual Studio Solution File, Format Version 12.00
Project("{FAE04EC0-301F-11D3-BF4B-00C04F79EFBC}") = "PowerBIService", "PowerBIService\PowerBIService.csproj", "{7D5956D7-236E-4B9E-B692-FFAB648B0054}"
EndProject
Project("{FAE04EC0-301F-11D3-BF4B-00C04F79EFBC}") = "ServiceClient", "ServiceClient\ServiceClient.csproj", "{A8655A97-695F-4851-AFDC-4A5B367D1EE8}"
EndProject
Project("{FAE04EC0-301F-11D3-BF4B-00C04F79EFBC}") = "ServiceCommon", "ServiceCommon\ServiceCommon.csproj", "{8DB105C9-DE23-4D77-B22B-F94848A45BDB}"
EndProject
Global
	GlobalSection(SolutionConfigurationPlatforms) = preSolution
		Debug|Any CPU = Debug|Any CPU
		Release|Any CPU = Release|Any CPU
	EndGlobalSection
	GlobalSection(ProjectConfigurationPlatforms) = postSolution
		{7D5956D7-236E-4B9E-B692-FFAB648B0054}.Debug|Any CPU.ActiveCfg = Debug|Any CPU
		{7D5956D7-236E-4B9E-B692-FFAB648B0054}.Debug|Any CPU.Build.0 = Debug|Any CPU
		{7D5956D7-236E-4B9E-B692-FFAB648B0054}.Release|Any CPU.ActiveCfg = Release|Any CPU
		{7D5956D7-236E-4B9E-B692-FFAB648B0054}.Release|Any CPU.Build.0 = Release|Any CPU
		{A8655A97-695F-4851-AFDC-4A5B367D1EE8}.Debug|Any CPU.ActiveCfg = Debug|Any CPU
		{A8655A97-695F-4851-AFDC-4A5B367D1EE8}.Debug|Any CPU.Build.0 = Debug|Any CPU
		{A8655A97-695F-4851-AFDC-4A5B367D1EE8}.Release|Any CPU.ActiveCfg = Release|Any CPU
		{A8655A97-695F-4851-AFDC-4A5B367D1EE8}.Release|Any CPU.Build.0 = Release|Any CPU
		{8DB105C9-DE23-4D77-B22B-F94848A45BDB}.Debug|Any CPU.ActiveCfg = Debug|Any CPU
		{8DB105C9-DE23-4D77-B22B-F94848A45BDB}.Debug|Any CPU.Build.0 = Debug|Any CPU
		{8DB105C9-DE23-4D77-B22B-F94848A45BDB}.Release|Any CPU.ActiveCfg = Release|Any CPU
		{8DB105C9-DE23-4D77-B22B-F94848A45BDB}.Release|Any CPU.Build.0 = Release|Any CPU
	EndGlobalSection
EndGlobal
